
Microsoft Visual Studio Solution File, Format Version 12.00
# Visual Studio Version 17
VisualStudioVersion = 17.6.33723.286
MinimumVisualStudioVersion = 10.0.40219.1
Project("{FAE04EC0-301F-11D3-BF4B-00C04F79EFBC}") = "MiddlewareApi", "MiddlewareApi\MiddlewareApi.csproj", "{34D069AB-3559-40FB-9BF6-A74863FE8AEB}"
EndProject
Project("{FAE04EC0-301F-11D3-BF4B-00C04F79EFBC}") = "WebLayer", "WebLayer\WebLayer.csproj", "{40697F6C-C29C-467C-A37E-71C95CFB5AC9}"
EndProject
Project("{FAE04EC0-301F-11D3-BF4B-00C04F79EFBC}") = "IntegrationLayer", "IntegrationLayer\IntegrationLayer.csproj", "{DCEDF97D-BC7E-4FD5-B35B-F7434B73CBCE}"
EndProject
Global
	GlobalSection(SolutionConfigurationPlatforms) = preSolution
		Debug|Any CPU = Debug|Any CPU
		Release|Any CPU = Release|Any CPU
	EndGlobalSection
	GlobalSection(ProjectConfigurationPlatforms) = postSolution
		{34D069AB-3559-40FB-9BF6-A74863FE8AEB}.Debug|Any CPU.ActiveCfg = Debug|Any CPU
		{34D069AB-3559-40FB-9BF6-A74863FE8AEB}.Debug|Any CPU.Build.0 = Debug|Any CPU
		{34D069AB-3559-40FB-9BF6-A74863FE8AEB}.Release|Any CPU.ActiveCfg = Release|Any CPU
		{34D069AB-3559-40FB-9BF6-A74863FE8AEB}.Release|Any CPU.Build.0 = Release|Any CPU
		{40697F6C-C29C-467C-A37E-71C95CFB5AC9}.Debug|Any CPU.ActiveCfg = Debug|Any CPU
		{40697F6C-C29C-467C-A37E-71C95CFB5AC9}.Debug|Any CPU.Build.0 = Debug|Any CPU
		{40697F6C-C29C-467C-A37E-71C95CFB5AC9}.Release|Any CPU.ActiveCfg = Release|Any CPU
		{40697F6C-C29C-467C-A37E-71C95CFB5AC9}.Release|Any CPU.Build.0 = Release|Any CPU
		{DCEDF97D-BC7E-4FD5-B35B-F7434B73CBCE}.Debug|Any CPU.ActiveCfg = Debug|Any CPU
		{DCEDF97D-BC7E-4FD5-B35B-F7434B73CBCE}.Debug|Any CPU.Build.0 = Debug|Any CPU
		{DCEDF97D-BC7E-4FD5-B35B-F7434B73CBCE}.Release|Any CPU.ActiveCfg = Release|Any CPU
		{DCEDF97D-BC7E-4FD5-B35B-F7434B73CBCE}.Release|Any CPU.Build.0 = Release|Any CPU
	EndGlobalSection
	GlobalSection(SolutionProperties) = preSolution
		HideSolutionNode = FALSE
	EndGlobalSection
	GlobalSection(ExtensibilityGlobals) = postSolution
		SolutionGuid = {A2DA0D57-70EA-43B8-BF24-CA7F855B7378}
	EndGlobalSection
EndGlobal
